
Microsoft Visual Studio Solution File, Format Version 12.00
# Visual Studio Version 17
VisualStudioVersion = 17.1.32421.90
MinimumVisualStudioVersion = 10.0.40219.1
Project("{9A19103F-16F7-4668-BE54-9A1E7A4F7556}") = "EulerStart", "EulerStart\EulerStart.csproj", "{635B1A7E-6194-4EFA-A6DF-4186D149F537}"
EndProject
Global
	GlobalSection(SolutionConfigurationPlatforms) = preSolution
		Debug|Any CPU = Debug|Any CPU
		Release|Any CPU = Release|Any CPU
	EndGlobalSection
	GlobalSection(ProjectConfigurationPlatforms) = postSolution
		{635B1A7E-6194-4EFA-A6DF-4186D149F537}.Debug|Any CPU.ActiveCfg = Debug|Any CPU
		{635B1A7E-6194-4EFA-A6DF-4186D149F537}.Debug|Any CPU.Build.0 = Debug|Any CPU
		{635B1A7E-6194-4EFA-A6DF-4186D149F537}.Release|Any CPU.ActiveCfg = Release|Any CPU
		{635B1A7E-6194-4EFA-A6DF-4186D149F537}.Release|Any CPU.Build.0 = Release|Any CPU
	EndGlobalSection
	GlobalSection(SolutionProperties) = preSolution
		HideSolutionNode = FALSE
	EndGlobalSection
	GlobalSection(ExtensibilityGlobals) = postSolution
		SolutionGuid = {BEBB6770-21BB-4690-A260-9B546C809E7B}
	EndGlobalSection
EndGlobal
